// !$*UTF8*$!
{
	archiveVersion = 1;
	classes = {
	};
	objectVersion = 56;
	objects = {

/* Begin PBXBuildFile section */
		600B44CE29CEEE0D0055030B /* TapbarViewController.swift in Sources */ = {isa = PBXBuildFile; fileRef = 600B44CD29CEEE0D0055030B /* TapbarViewController.swift */; };
		600B44D129CEFB710055030B /* SaveViewController.swift in Sources */ = {isa = PBXBuildFile; fileRef = 600B44D029CEFB710055030B /* SaveViewController.swift */; };
		60B899DE29C6183F001FDE36 /* Movies Model.swift in Sources */ = {isa = PBXBuildFile; fileRef = 60B899DD29C6183F001FDE36 /* Movies Model.swift */; };
		60B899E129C618B4001FDE36 /* Dynamic.swift in Sources */ = {isa = PBXBuildFile; fileRef = 60B899E029C618B4001FDE36 /* Dynamic.swift */; };
		60B899E429C64414001FDE36 /* Extensions.swift in Sources */ = {isa = PBXBuildFile; fileRef = 60B899E329C64414001FDE36 /* Extensions.swift */; };
		60B899E829C6E06C001FDE36 /* MoviesTableViewCell.swift in Sources */ = {isa = PBXBuildFile; fileRef = 60B899E729C6E06C001FDE36 /* MoviesTableViewCell.swift */; };
		60B899EB29C6E70B001FDE36 /* MoviesCollectionCell.swift in Sources */ = {isa = PBXBuildFile; fileRef = 60B899EA29C6E70B001FDE36 /* MoviesCollectionCell.swift */; };
		60B899EE29C6F64C001FDE36 /* SearchViewController.swift in Sources */ = {isa = PBXBuildFile; fileRef = 60B899ED29C6F64C001FDE36 /* SearchViewController.swift */; };
		60B899F129C700CB001FDE36 /* SearchTableCell.swift in Sources */ = {isa = PBXBuildFile; fileRef = 60B899F029C700CB001FDE36 /* SearchTableCell.swift */; };
		60B899F429C703CF001FDE36 /* DetailViewController.swift in Sources */ = {isa = PBXBuildFile; fileRef = 60B899F329C703CF001FDE36 /* DetailViewController.swift */; };
		60B899F729C715CA001FDE36 /* NetworkService.swift in Sources */ = {isa = PBXBuildFile; fileRef = 60B899F629C715CA001FDE36 /* NetworkService.swift */; };
		60B899F929C71CDC001FDE36 /* HomeViewModel.swift in Sources */ = {isa = PBXBuildFile; fileRef = 60B899F829C71CDC001FDE36 /* HomeViewModel.swift */; };
		60B899FD29C71FA8001FDE36 /* APIAuth.swift in Sources */ = {isa = PBXBuildFile; fileRef = 60B899FC29C71FA8001FDE36 /* APIAuth.swift */; };
		60B899FF29C78492001FDE36 /* DetailViewModel.swift in Sources */ = {isa = PBXBuildFile; fileRef = 60B899FE29C78492001FDE36 /* DetailViewModel.swift */; };
		60B89A0329CA284A001FDE36 /* Test Model.swift in Sources */ = {isa = PBXBuildFile; fileRef = 60B89A0229CA284A001FDE36 /* Test Model.swift */; };
		60B89A0529CC8155001FDE36 /* SearchViewModel.swift in Sources */ = {isa = PBXBuildFile; fileRef = 60B89A0429CC8155001FDE36 /* SearchViewModel.swift */; };
		60B89A0729CC8471001FDE36 /* DetailModel.swift in Sources */ = {isa = PBXBuildFile; fileRef = 60B89A0629CC8471001FDE36 /* DetailModel.swift */; };
		60B89A0929CE2CE3001FDE36 /* Data.swift in Sources */ = {isa = PBXBuildFile; fileRef = 60B89A0829CE2CE3001FDE36 /* Data.swift */; };
		60BDDD7429CF07EB00DAC726 /* SavedTableCell.swift in Sources */ = {isa = PBXBuildFile; fileRef = 60BDDD7329CF07EB00DAC726 /* SavedTableCell.swift */; };
		60BDDD7729CF08E700DAC726 /* Saved Collection Cell.swift in Sources */ = {isa = PBXBuildFile; fileRef = 60BDDD7629CF08E700DAC726 /* Saved Collection Cell.swift */; };
		60BDDD7929CF0DA800DAC726 /* SavedViewModel.swift in Sources */ = {isa = PBXBuildFile; fileRef = 60BDDD7829CF0DA800DAC726 /* SavedViewModel.swift */; };
		60BDDD7E29D30AF700DAC726 /* WheelColleitonCell.swift in Sources */ = {isa = PBXBuildFile; fileRef = 60BDDD7D29D30AF700DAC726 /* WheelColleitonCell.swift */; };
		60C3B0EC29C614B900365BD4 /* AppDelegate.swift in Sources */ = {isa = PBXBuildFile; fileRef = 60C3B0EB29C614B900365BD4 /* AppDelegate.swift */; };
		60C3B0EE29C614B900365BD4 /* SceneDelegate.swift in Sources */ = {isa = PBXBuildFile; fileRef = 60C3B0ED29C614B900365BD4 /* SceneDelegate.swift */; };
		60C3B0F029C614B900365BD4 /* HomeViewController.swift in Sources */ = {isa = PBXBuildFile; fileRef = 60C3B0EF29C614B900365BD4 /* HomeViewController.swift */; };
		60C3B0F329C614B900365BD4 /* Main.storyboard in Resources */ = {isa = PBXBuildFile; fileRef = 60C3B0F129C614B900365BD4 /* Main.storyboard */; };
		60C3B0F529C614BA00365BD4 /* Assets.xcassets in Resources */ = {isa = PBXBuildFile; fileRef = 60C3B0F429C614BA00365BD4 /* Assets.xcassets */; };
		60C3B0F829C614BA00365BD4 /* LaunchScreen.storyboard in Resources */ = {isa = PBXBuildFile; fileRef = 60C3B0F629C614BA00365BD4 /* LaunchScreen.storyboard */; };
		C4E3FA668BF07C5CEBC34D88 /* Pods_MovieApp.framework in Frameworks */ = {isa = PBXBuildFile; fileRef = 3D580CD8938EE7C75A8AD162 /* Pods_MovieApp.framework */; };
/* End PBXBuildFile section */

/* Begin PBXFileReference section */
		3D580CD8938EE7C75A8AD162 /* Pods_MovieApp.framework */ = {isa = PBXFileReference; explicitFileType = wrapper.framework; includeInIndex = 0; path = Pods_MovieApp.framework; sourceTree = BUILT_PRODUCTS_DIR; };
		600B44CD29CEEE0D0055030B /* TapbarViewController.swift */ = {isa = PBXFileReference; lastKnownFileType = sourcecode.swift; path = TapbarViewController.swift; sourceTree = "<group>"; };
		600B44D029CEFB710055030B /* SaveViewController.swift */ = {isa = PBXFileReference; lastKnownFileType = sourcecode.swift; path = SaveViewController.swift; sourceTree = "<group>"; };
		60B899DD29C6183F001FDE36 /* Movies Model.swift */ = {isa = PBXFileReference; lastKnownFileType = sourcecode.swift; path = "Movies Model.swift"; sourceTree = "<group>"; };
		60B899E029C618B4001FDE36 /* Dynamic.swift */ = {isa = PBXFileReference; lastKnownFileType = sourcecode.swift; path = Dynamic.swift; sourceTree = "<group>"; };
		60B899E329C64414001FDE36 /* Extensions.swift */ = {isa = PBXFileReference; lastKnownFileType = sourcecode.swift; path = Extensions.swift; sourceTree = "<group>"; };
		60B899E729C6E06C001FDE36 /* MoviesTableViewCell.swift */ = {isa = PBXFileReference; lastKnownFileType = sourcecode.swift; path = MoviesTableViewCell.swift; sourceTree = "<group>"; };
		60B899EA29C6E70B001FDE36 /* MoviesCollectionCell.swift */ = {isa = PBXFileReference; lastKnownFileType = sourcecode.swift; path = MoviesCollectionCell.swift; sourceTree = "<group>"; };
		60B899ED29C6F64C001FDE36 /* SearchViewController.swift */ = {isa = PBXFileReference; lastKnownFileType = sourcecode.swift; path = SearchViewController.swift; sourceTree = "<group>"; };
		60B899F029C700CB001FDE36 /* SearchTableCell.swift */ = {isa = PBXFileReference; lastKnownFileType = sourcecode.swift; path = SearchTableCell.swift; sourceTree = "<group>"; };
		60B899F329C703CF001FDE36 /* DetailViewController.swift */ = {isa = PBXFileReference; lastKnownFileType = sourcecode.swift; path = DetailViewController.swift; sourceTree = "<group>"; };
		60B899F629C715CA001FDE36 /* NetworkService.swift */ = {isa = PBXFileReference; lastKnownFileType = sourcecode.swift; path = NetworkService.swift; sourceTree = "<group>"; };
		60B899F829C71CDC001FDE36 /* HomeViewModel.swift */ = {isa = PBXFileReference; lastKnownFileType = sourcecode.swift; path = HomeViewModel.swift; sourceTree = "<group>"; };
		60B899FC29C71FA8001FDE36 /* APIAuth.swift */ = {isa = PBXFileReference; lastKnownFileType = sourcecode.swift; path = APIAuth.swift; sourceTree = "<group>"; };
		60B899FE29C78492001FDE36 /* DetailViewModel.swift */ = {isa = PBXFileReference; lastKnownFileType = sourcecode.swift; path = DetailViewModel.swift; sourceTree = "<group>"; };
		60B89A0229CA284A001FDE36 /* Test Model.swift */ = {isa = PBXFileReference; lastKnownFileType = sourcecode.swift; path = "Test Model.swift"; sourceTree = "<group>"; };
		60B89A0429CC8155001FDE36 /* SearchViewModel.swift */ = {isa = PBXFileReference; lastKnownFileType = sourcecode.swift; path = SearchViewModel.swift; sourceTree = "<group>"; };
		60B89A0629CC8471001FDE36 /* DetailModel.swift */ = {isa = PBXFileReference; lastKnownFileType = sourcecode.swift; path = DetailModel.swift; sourceTree = "<group>"; };
		60B89A0829CE2CE3001FDE36 /* Data.swift */ = {isa = PBXFileReference; lastKnownFileType = sourcecode.swift; path = Data.swift; sourceTree = "<group>"; };
		60BDDD7329CF07EB00DAC726 /* SavedTableCell.swift */ = {isa = PBXFileReference; lastKnownFileType = sourcecode.swift; path = SavedTableCell.swift; sourceTree = "<group>"; };
		60BDDD7629CF08E700DAC726 /* Saved Collection Cell.swift */ = {isa = PBXFileReference; lastKnownFileType = sourcecode.swift; path = "Saved Collection Cell.swift"; sourceTree = "<group>"; };
		60BDDD7829CF0DA800DAC726 /* SavedViewModel.swift */ = {isa = PBXFileReference; lastKnownFileType = sourcecode.swift; path = SavedViewModel.swift; sourceTree = "<group>"; };
		60BDDD7D29D30AF700DAC726 /* WheelColleitonCell.swift */ = {isa = PBXFileReference; lastKnownFileType = sourcecode.swift; path = WheelColleitonCell.swift; sourceTree = "<group>"; };
		60C3B0E829C614B900365BD4 /* MovieApp.app */ = {isa = PBXFileReference; explicitFileType = wrapper.application; includeInIndex = 0; path = MovieApp.app; sourceTree = BUILT_PRODUCTS_DIR; };
		60C3B0EB29C614B900365BD4 /* AppDelegate.swift */ = {isa = PBXFileReference; lastKnownFileType = sourcecode.swift; path = AppDelegate.swift; sourceTree = "<group>"; };
		60C3B0ED29C614B900365BD4 /* SceneDelegate.swift */ = {isa = PBXFileReference; lastKnownFileType = sourcecode.swift; path = SceneDelegate.swift; sourceTree = "<group>"; };
		60C3B0EF29C614B900365BD4 /* HomeViewController.swift */ = {isa = PBXFileReference; lastKnownFileType = sourcecode.swift; path = HomeViewController.swift; sourceTree = "<group>"; };
		60C3B0F229C614B900365BD4 /* Base */ = {isa = PBXFileReference; lastKnownFileType = file.storyboard; name = Base; path = Base.lproj/Main.storyboard; sourceTree = "<group>"; };
		60C3B0F429C614BA00365BD4 /* Assets.xcassets */ = {isa = PBXFileReference; lastKnownFileType = folder.assetcatalog; path = Assets.xcassets; sourceTree = "<group>"; };
		60C3B0F729C614BA00365BD4 /* Base */ = {isa = PBXFileReference; lastKnownFileType = file.storyboard; name = Base; path = Base.lproj/LaunchScreen.storyboard; sourceTree = "<group>"; };
		60C3B0F929C614BA00365BD4 /* Info.plist */ = {isa = PBXFileReference; lastKnownFileType = text.plist.xml; path = Info.plist; sourceTree = "<group>"; };
		B5D9C11961A84672D8361EC3 /* Pods-MovieApp.debug.xcconfig */ = {isa = PBXFileReference; includeInIndex = 1; lastKnownFileType = text.xcconfig; name = "Pods-MovieApp.debug.xcconfig"; path = "Target Support Files/Pods-MovieApp/Pods-MovieApp.debug.xcconfig"; sourceTree = "<group>"; };
		D0B8D8A5EEF99F3913EC37D6 /* Pods-MovieApp.release.xcconfig */ = {isa = PBXFileReference; includeInIndex = 1; lastKnownFileType = text.xcconfig; name = "Pods-MovieApp.release.xcconfig"; path = "Target Support Files/Pods-MovieApp/Pods-MovieApp.release.xcconfig"; sourceTree = "<group>"; };
/* End PBXFileReference section */

/* Begin PBXFrameworksBuildPhase section */
		60C3B0E529C614B900365BD4 /* Frameworks */ = {
			isa = PBXFrameworksBuildPhase;
			buildActionMask = 2147483647;
			files = (
				C4E3FA668BF07C5CEBC34D88 /* Pods_MovieApp.framework in Frameworks */,
			);
			runOnlyForDeploymentPostprocessing = 0;
		};
/* End PBXFrameworksBuildPhase section */

/* Begin PBXGroup section */
		600B44CC29CEEDE30055030B /* TabBar */ = {
			isa = PBXGroup;
			children = (
				600B44CD29CEEE0D0055030B /* TapbarViewController.swift */,
			);
			path = TabBar;
			sourceTree = "<group>";
		};
		600B44CF29CEFB630055030B /* Saved */ = {
			isa = PBXGroup;
			children = (
				600B44D229CF07890055030B /* Custom Table */,
				600B44D029CEFB710055030B /* SaveViewController.swift */,
			);
			path = Saved;
			sourceTree = "<group>";
		};
		600B44D229CF07890055030B /* Custom Table */ = {
			isa = PBXGroup;
			children = (
				60BDDD7529CF08DA00DAC726 /* Custom Colleciton Cell */,
				60BDDD7329CF07EB00DAC726 /* SavedTableCell.swift */,
			);
			path = "Custom Table";
			sourceTree = "<group>";
		};
		60B899DC29C61708001FDE36 /* Utils */ = {
			isa = PBXGroup;
			children = (
				60C3B0F129C614B900365BD4 /* Main.storyboard */,
				60C3B0EB29C614B900365BD4 /* AppDelegate.swift */,
				60C3B0ED29C614B900365BD4 /* SceneDelegate.swift */,
				60C3B0F629C614BA00365BD4 /* LaunchScreen.storyboard */,
			);
			path = Utils;
			sourceTree = "<group>";
		};
		60B899DF29C618AD001FDE36 /* Dynamic */ = {
			isa = PBXGroup;
			children = (
				60B899E029C618B4001FDE36 /* Dynamic.swift */,
			);
			path = Dynamic;
			sourceTree = "<group>";
		};
		60B899E229C64408001FDE36 /* Extensions */ = {
			isa = PBXGroup;
			children = (
				60B899E329C64414001FDE36 /* Extensions.swift */,
			);
			path = Extensions;
			sourceTree = "<group>";
		};
		60B899E529C6E03F001FDE36 /* Home */ = {
			isa = PBXGroup;
			children = (
				60B899E629C6E054001FDE36 /* Custom Table View */,
				60C3B0EF29C614B900365BD4 /* HomeViewController.swift */,
			);
			path = Home;
			sourceTree = "<group>";
		};
		60B899E629C6E054001FDE36 /* Custom Table View */ = {
			isa = PBXGroup;
			children = (
				60B899E929C6E6ED001FDE36 /* Custom Collection Cell */,
				60B899E729C6E06C001FDE36 /* MoviesTableViewCell.swift */,
			);
			path = "Custom Table View";
			sourceTree = "<group>";
		};
		60B899E929C6E6ED001FDE36 /* Custom Collection Cell */ = {
			isa = PBXGroup;
			children = (
				60B899EA29C6E70B001FDE36 /* MoviesCollectionCell.swift */,
			);
			path = "Custom Collection Cell";
			sourceTree = "<group>";
		};
		60B899EC29C6F62B001FDE36 /* Search */ = {
			isa = PBXGroup;
			children = (
				60B899EF29C700B6001FDE36 /* Custom Search Table Cell */,
				60B899ED29C6F64C001FDE36 /* SearchViewController.swift */,
			);
			path = Search;
			sourceTree = "<group>";
		};
		60B899EF29C700B6001FDE36 /* Custom Search Table Cell */ = {
			isa = PBXGroup;
			children = (
				60B899F029C700CB001FDE36 /* SearchTableCell.swift */,
			);
			path = "Custom Search Table Cell";
			sourceTree = "<group>";
		};
		60B899F229C703C5001FDE36 /* Detail */ = {
			isa = PBXGroup;
			children = (
				60B899F329C703CF001FDE36 /* DetailViewController.swift */,
				60BDDD7D29D30AF700DAC726 /* WheelColleitonCell.swift */,
			);
			path = Detail;
			sourceTree = "<group>";
		};
		60B899F529C715C2001FDE36 /* Network */ = {
			isa = PBXGroup;
			children = (
				60B899F629C715CA001FDE36 /* NetworkService.swift */,
				60B899FC29C71FA8001FDE36 /* APIAuth.swift */,
			);
			path = Network;
			sourceTree = "<group>";
		};
		60BDDD7529CF08DA00DAC726 /* Custom Colleciton Cell */ = {
			isa = PBXGroup;
			children = (
				60BDDD7629CF08E700DAC726 /* Saved Collection Cell.swift */,
			);
			path = "Custom Colleciton Cell";
			sourceTree = "<group>";
		};
		60C3B0DF29C614B900365BD4 = {
			isa = PBXGroup;
			children = (
				60C3B0EA29C614B900365BD4 /* MovieApp */,
				60C3B0E929C614B900365BD4 /* Products */,
				8853AABEC82206FC96D56A10 /* Pods */,
				DAC363C5D3D250A16C9F6D6A /* Frameworks */,
			);
			sourceTree = "<group>";
		};
		60C3B0E929C614B900365BD4 /* Products */ = {
			isa = PBXGroup;
			children = (
				60C3B0E829C614B900365BD4 /* MovieApp.app */,
			);
			name = Products;
			sourceTree = "<group>";
		};
		60C3B0EA29C614B900365BD4 /* MovieApp */ = {
			isa = PBXGroup;
			children = (
				60B899F529C715C2001FDE36 /* Network */,
				60B899E229C64408001FDE36 /* Extensions */,
				60B899DF29C618AD001FDE36 /* Dynamic */,
				60B899DC29C61708001FDE36 /* Utils */,
				60C3B10229C615B700365BD4 /* ViewModel */,
				60C3B10129C615B500365BD4 /* Model */,
				60C3B10029C615B200365BD4 /* View */,
				60C3B0F429C614BA00365BD4 /* Assets.xcassets */,
				60C3B0F929C614BA00365BD4 /* Info.plist */,
				60B89A0829CE2CE3001FDE36 /* Data.swift */,
			);
			path = MovieApp;
			sourceTree = "<group>";
		};
		60C3B10029C615B200365BD4 /* View */ = {
			isa = PBXGroup;
			children = (
				600B44CF29CEFB630055030B /* Saved */,
				600B44CC29CEEDE30055030B /* TabBar */,
				60B899F229C703C5001FDE36 /* Detail */,
				60B899EC29C6F62B001FDE36 /* Search */,
				60B899E529C6E03F001FDE36 /* Home */,
			);
			path = View;
			sourceTree = "<group>";
		};
		60C3B10129C615B500365BD4 /* Model */ = {
			isa = PBXGroup;
			children = (
				60B899DD29C6183F001FDE36 /* Movies Model.swift */,
				60B89A0229CA284A001FDE36 /* Test Model.swift */,
				60B89A0629CC8471001FDE36 /* DetailModel.swift */,
			);
			path = Model;
			sourceTree = "<group>";
		};
		60C3B10229C615B700365BD4 /* ViewModel */ = {
			isa = PBXGroup;
			children = (
				60B899F829C71CDC001FDE36 /* HomeViewModel.swift */,
				60B899FE29C78492001FDE36 /* DetailViewModel.swift */,
				60B89A0429CC8155001FDE36 /* SearchViewModel.swift */,
				60BDDD7829CF0DA800DAC726 /* SavedViewModel.swift */,
			);
			path = ViewModel;
			sourceTree = "<group>";
		};
		8853AABEC82206FC96D56A10 /* Pods */ = {
			isa = PBXGroup;
			children = (
				B5D9C11961A84672D8361EC3 /* Pods-MovieApp.debug.xcconfig */,
				D0B8D8A5EEF99F3913EC37D6 /* Pods-MovieApp.release.xcconfig */,
			);
			path = Pods;
			sourceTree = "<group>";
		};
		DAC363C5D3D250A16C9F6D6A /* Frameworks */ = {
			isa = PBXGroup;
			children = (
				3D580CD8938EE7C75A8AD162 /* Pods_MovieApp.framework */,
			);
			name = Frameworks;
			sourceTree = "<group>";
		};
/* End PBXGroup section */

/* Begin PBXNativeTarget section */
		60C3B0E729C614B900365BD4 /* MovieApp */ = {
			isa = PBXNativeTarget;
			buildConfigurationList = 60C3B0FC29C614BA00365BD4 /* Build configuration list for PBXNativeTarget "MovieApp" */;
			buildPhases = (
				5707866436B97CBC91A99926 /* [CP] Check Pods Manifest.lock */,
				60C3B0E429C614B900365BD4 /* Sources */,
				60C3B0E529C614B900365BD4 /* Frameworks */,
				60C3B0E629C614B900365BD4 /* Resources */,
				DBEA7C6759A99489D4D4348E /* [CP] Embed Pods Frameworks */,
			);
			buildRules = (
			);
			dependencies = (
			);
			name = MovieApp;
			productName = MovieApp;
			productReference = 60C3B0E829C614B900365BD4 /* MovieApp.app */;
			productType = "com.apple.product-type.application";
		};
/* End PBXNativeTarget section */

/* Begin PBXProject section */
		60C3B0E029C614B900365BD4 /* Project object */ = {
			isa = PBXProject;
			attributes = {
				BuildIndependentTargetsInParallel = 1;
				LastSwiftUpdateCheck = 1400;
				LastUpgradeCheck = 1400;
				TargetAttributes = {
					60C3B0E729C614B900365BD4 = {
						CreatedOnToolsVersion = 14.0;
					};
				};
			};
			buildConfigurationList = 60C3B0E329C614B900365BD4 /* Build configuration list for PBXProject "MovieApp" */;
			compatibilityVersion = "Xcode 14.0";
			developmentRegion = en;
			hasScannedForEncodings = 0;
			knownRegions = (
				en,
				Base,
			);
			mainGroup = 60C3B0DF29C614B900365BD4;
			productRefGroup = 60C3B0E929C614B900365BD4 /* Products */;
			projectDirPath = "";
			projectRoot = "";
			targets = (
				60C3B0E729C614B900365BD4 /* MovieApp */,
			);
		};
/* End PBXProject section */

/* Begin PBXResourcesBuildPhase section */
		60C3B0E629C614B900365BD4 /* Resources */ = {
			isa = PBXResourcesBuildPhase;
			buildActionMask = 2147483647;
			files = (
				60C3B0F829C614BA00365BD4 /* LaunchScreen.storyboard in Resources */,
				60C3B0F529C614BA00365BD4 /* Assets.xcassets in Resources */,
				60C3B0F329C614B900365BD4 /* Main.storyboard in Resources */,
			);
			runOnlyForDeploymentPostprocessing = 0;
		};
/* End PBXResourcesBuildPhase section */

/* Begin PBXShellScriptBuildPhase section */
		5707866436B97CBC91A99926 /* [CP] Check Pods Manifest.lock */ = {
			isa = PBXShellScriptBuildPhase;
			buildActionMask = 2147483647;
			files = (
			);
			inputFileListPaths = (
			);
			inputPaths = (
				"${PODS_PODFILE_DIR_PATH}/Podfile.lock",
				"${PODS_ROOT}/Manifest.lock",
			);
			name = "[CP] Check Pods Manifest.lock";
			outputFileListPaths = (
			);
			outputPaths = (
				"$(DERIVED_FILE_DIR)/Pods-MovieApp-checkManifestLockResult.txt",
			);
			runOnlyForDeploymentPostprocessing = 0;
			shellPath = /bin/sh;
			shellScript = "diff \"${PODS_PODFILE_DIR_PATH}/Podfile.lock\" \"${PODS_ROOT}/Manifest.lock\" > /dev/null\nif [ $? != 0 ] ; then\n    # print error to STDERR\n    echo \"error: The sandbox is not in sync with the Podfile.lock. Run 'pod install' or update your CocoaPods installation.\" >&2\n    exit 1\nfi\n# This output is used by Xcode 'outputs' to avoid re-running this script phase.\necho \"SUCCESS\" > \"${SCRIPT_OUTPUT_FILE_0}\"\n";
			showEnvVarsInLog = 0;
		};
		DBEA7C6759A99489D4D4348E /* [CP] Embed Pods Frameworks */ = {
			isa = PBXShellScriptBuildPhase;
			buildActionMask = 2147483647;
			files = (
			);
			inputFileListPaths = (
				"${PODS_ROOT}/Target Support Files/Pods-MovieApp/Pods-MovieApp-frameworks-${CONFIGURATION}-input-files.xcfilelist",
			);
			name = "[CP] Embed Pods Frameworks";
			outputFileListPaths = (
				"${PODS_ROOT}/Target Support Files/Pods-MovieApp/Pods-MovieApp-frameworks-${CONFIGURATION}-output-files.xcfilelist",
			);
			runOnlyForDeploymentPostprocessing = 0;
			shellPath = /bin/sh;
			shellScript = "\"${PODS_ROOT}/Target Support Files/Pods-MovieApp/Pods-MovieApp-frameworks.sh\"\n";
			showEnvVarsInLog = 0;
		};
/* End PBXShellScriptBuildPhase section */

/* Begin PBXSourcesBuildPhase section */
		60C3B0E429C614B900365BD4 /* Sources */ = {
			isa = PBXSourcesBuildPhase;
			buildActionMask = 2147483647;
			files = (
				60B899F429C703CF001FDE36 /* DetailViewController.swift in Sources */,
				60C3B0F029C614B900365BD4 /* HomeViewController.swift in Sources */,
				60B899F729C715CA001FDE36 /* NetworkService.swift in Sources */,
				600B44D129CEFB710055030B /* SaveViewController.swift in Sources */,
				60B89A0729CC8471001FDE36 /* DetailModel.swift in Sources */,
				60B89A0529CC8155001FDE36 /* SearchViewModel.swift in Sources */,
				60B899E429C64414001FDE36 /* Extensions.swift in Sources */,
				60B899F129C700CB001FDE36 /* SearchTableCell.swift in Sources */,
				60BDDD7429CF07EB00DAC726 /* SavedTableCell.swift in Sources */,
				60B899E129C618B4001FDE36 /* Dynamic.swift in Sources */,
				60B89A0329CA284A001FDE36 /* Test Model.swift in Sources */,
				60B899EE29C6F64C001FDE36 /* SearchViewController.swift in Sources */,
				60BDDD7729CF08E700DAC726 /* Saved Collection Cell.swift in Sources */,
				60B89A0929CE2CE3001FDE36 /* Data.swift in Sources */,
				600B44CE29CEEE0D0055030B /* TapbarViewController.swift in Sources */,
				60B899DE29C6183F001FDE36 /* Movies Model.swift in Sources */,
				60B899F929C71CDC001FDE36 /* HomeViewModel.swift in Sources */,
				60B899EB29C6E70B001FDE36 /* MoviesCollectionCell.swift in Sources */,
				60C3B0EC29C614B900365BD4 /* AppDelegate.swift in Sources */,
				60BDDD7E29D30AF700DAC726 /* WheelColleitonCell.swift in Sources */,
				60B899FD29C71FA8001FDE36 /* APIAuth.swift in Sources */,
				60BDDD7929CF0DA800DAC726 /* SavedViewModel.swift in Sources */,
				60B899E829C6E06C001FDE36 /* MoviesTableViewCell.swift in Sources */,
				60C3B0EE29C614B900365BD4 /* SceneDelegate.swift in Sources */,
				60B899FF29C78492001FDE36 /* DetailViewModel.swift in Sources */,
			);
			runOnlyForDeploymentPostprocessing = 0;
		};
/* End PBXSourcesBuildPhase section */

/* Begin PBXVariantGroup section */
		60C3B0F129C614B900365BD4 /* Main.storyboard */ = {
			isa = PBXVariantGroup;
			children = (
				60C3B0F229C614B900365BD4 /* Base */,
			);
			name = Main.storyboard;
			sourceTree = "<group>";
		};
		60C3B0F629C614BA00365BD4 /* LaunchScreen.storyboard */ = {
			isa = PBXVariantGroup;
			children = (
				60C3B0F729C614BA00365BD4 /* Base */,
			);
			name = LaunchScreen.storyboard;
			sourceTree = "<group>";
		};
/* End PBXVariantGroup section */

/* Begin XCBuildConfiguration section */
		60C3B0FA29C614BA00365BD4 /* Debug */ = {
			isa = XCBuildConfiguration;
			buildSettings = {
				ALWAYS_SEARCH_USER_PATHS = NO;
				CLANG_ANALYZER_NONNULL = YES;
				CLANG_ANALYZER_NUMBER_OBJECT_CONVERSION = YES_AGGRESSIVE;
				CLANG_CXX_LANGUAGE_STANDARD = "gnu++20";
				CLANG_ENABLE_MODULES = YES;
				CLANG_ENABLE_OBJC_ARC = YES;
				CLANG_ENABLE_OBJC_WEAK = YES;
				CLANG_WARN_BLOCK_CAPTURE_AUTORELEASING = YES;
				CLANG_WARN_BOOL_CONVERSION = YES;
				CLANG_WARN_COMMA = YES;
				CLANG_WARN_CONSTANT_CONVERSION = YES;
				CLANG_WARN_DEPRECATED_OBJC_IMPLEMENTATIONS = YES;
				CLANG_WARN_DIRECT_OBJC_ISA_USAGE = YES_ERROR;
				CLANG_WARN_DOCUMENTATION_COMMENTS = YES;
				CLANG_WARN_EMPTY_BODY = YES;
				CLANG_WARN_ENUM_CONVERSION = YES;
				CLANG_WARN_INFINITE_RECURSION = YES;
				CLANG_WARN_INT_CONVERSION = YES;
				CLANG_WARN_NON_LITERAL_NULL_CONVERSION = YES;
				CLANG_WARN_OBJC_IMPLICIT_RETAIN_SELF = YES;
				CLANG_WARN_OBJC_LITERAL_CONVERSION = YES;
				CLANG_WARN_OBJC_ROOT_CLASS = YES_ERROR;
				CLANG_WARN_QUOTED_INCLUDE_IN_FRAMEWORK_HEADER = YES;
				CLANG_WARN_RANGE_LOOP_ANALYSIS = YES;
				CLANG_WARN_STRICT_PROTOTYPES = YES;
				CLANG_WARN_SUSPICIOUS_MOVE = YES;
				CLANG_WARN_UNGUARDED_AVAILABILITY = YES_AGGRESSIVE;
				CLANG_WARN_UNREACHABLE_CODE = YES;
				CLANG_WARN__DUPLICATE_METHOD_MATCH = YES;
				COPY_PHASE_STRIP = NO;
				DEBUG_INFORMATION_FORMAT = dwarf;
				ENABLE_STRICT_OBJC_MSGSEND = YES;
				ENABLE_TESTABILITY = YES;
				GCC_C_LANGUAGE_STANDARD = gnu11;
				GCC_DYNAMIC_NO_PIC = NO;
				GCC_NO_COMMON_BLOCKS = YES;
				GCC_OPTIMIZATION_LEVEL = 0;
				GCC_PREPROCESSOR_DEFINITIONS = (
					"DEBUG=1",
					"$(inherited)",
				);
				GCC_WARN_64_TO_32_BIT_CONVERSION = YES;
				GCC_WARN_ABOUT_RETURN_TYPE = YES_ERROR;
				GCC_WARN_UNDECLARED_SELECTOR = YES;
				GCC_WARN_UNINITIALIZED_AUTOS = YES_AGGRESSIVE;
				GCC_WARN_UNUSED_FUNCTION = YES;
				GCC_WARN_UNUSED_VARIABLE = YES;
				IPHONEOS_DEPLOYMENT_TARGET = 16.0;
				MTL_ENABLE_DEBUG_INFO = INCLUDE_SOURCE;
				MTL_FAST_MATH = YES;
				ONLY_ACTIVE_ARCH = YES;
				SDKROOT = iphoneos;
				SWIFT_ACTIVE_COMPILATION_CONDITIONS = DEBUG;
				SWIFT_OPTIMIZATION_LEVEL = "-Onone";
			};
			name = Debug;
		};
		60C3B0FB29C614BA00365BD4 /* Release */ = {
			isa = XCBuildConfiguration;
			buildSettings = {
				ALWAYS_SEARCH_USER_PATHS = NO;
				CLANG_ANALYZER_NONNULL = YES;
				CLANG_ANALYZER_NUMBER_OBJECT_CONVERSION = YES_AGGRESSIVE;
				CLANG_CXX_LANGUAGE_STANDARD = "gnu++20";
				CLANG_ENABLE_MODULES = YES;
				CLANG_ENABLE_OBJC_ARC = YES;
				CLANG_ENABLE_OBJC_WEAK = YES;
				CLANG_WARN_BLOCK_CAPTURE_AUTORELEASING = YES;
				CLANG_WARN_BOOL_CONVERSION = YES;
				CLANG_WARN_COMMA = YES;
				CLANG_WARN_CONSTANT_CONVERSION = YES;
				CLANG_WARN_DEPRECATED_OBJC_IMPLEMENTATIONS = YES;
				CLANG_WARN_DIRECT_OBJC_ISA_USAGE = YES_ERROR;
				CLANG_WARN_DOCUMENTATION_COMMENTS = YES;
				CLANG_WARN_EMPTY_BODY = YES;
				CLANG_WARN_ENUM_CONVERSION = YES;
				CLANG_WARN_INFINITE_RECURSION = YES;
				CLANG_WARN_INT_CONVERSION = YES;
				CLANG_WARN_NON_LITERAL_NULL_CONVERSION = YES;
				CLANG_WARN_OBJC_IMPLICIT_RETAIN_SELF = YES;
				CLANG_WARN_OBJC_LITERAL_CONVERSION = YES;
				CLANG_WARN_OBJC_ROOT_CLASS = YES_ERROR;
				CLANG_WARN_QUOTED_INCLUDE_IN_FRAMEWORK_HEADER = YES;
				CLANG_WARN_RANGE_LOOP_ANALYSIS = YES;
				CLANG_WARN_STRICT_PROTOTYPES = YES;
				CLANG_WARN_SUSPICIOUS_MOVE = YES;
				CLANG_WARN_UNGUARDED_AVAILABILITY = YES_AGGRESSIVE;
				CLANG_WARN_UNREACHABLE_CODE = YES;
				CLANG_WARN__DUPLICATE_METHOD_MATCH = YES;
				COPY_PHASE_STRIP = NO;
				DEBUG_INFORMATION_FORMAT = "dwarf-with-dsym";
				ENABLE_NS_ASSERTIONS = NO;
				ENABLE_STRICT_OBJC_MSGSEND = YES;
				GCC_C_LANGUAGE_STANDARD = gnu11;
				GCC_NO_COMMON_BLOCKS = YES;
				GCC_WARN_64_TO_32_BIT_CONVERSION = YES;
				GCC_WARN_ABOUT_RETURN_TYPE = YES_ERROR;
				GCC_WARN_UNDECLARED_SELECTOR = YES;
				GCC_WARN_UNINITIALIZED_AUTOS = YES_AGGRESSIVE;
				GCC_WARN_UNUSED_FUNCTION = YES;
				GCC_WARN_UNUSED_VARIABLE = YES;
				IPHONEOS_DEPLOYMENT_TARGET = 16.0;
				MTL_ENABLE_DEBUG_INFO = NO;
				MTL_FAST_MATH = YES;
				SDKROOT = iphoneos;
				SWIFT_COMPILATION_MODE = wholemodule;
				SWIFT_OPTIMIZATION_LEVEL = "-O";
				VALIDATE_PRODUCT = YES;
			};
			name = Release;
		};
		60C3B0FD29C614BA00365BD4 /* Debug */ = {
			isa = XCBuildConfiguration;
			baseConfigurationReference = B5D9C11961A84672D8361EC3 /* Pods-MovieApp.debug.xcconfig */;
			buildSettings = {
				ASSETCATALOG_COMPILER_APPICON_NAME = AppIcon;
				ASSETCATALOG_COMPILER_GLOBAL_ACCENT_COLOR_NAME = AccentColor;
				CODE_SIGN_STYLE = Automatic;
				CURRENT_PROJECT_VERSION = 1;
				DEVELOPMENT_TEAM = K8M5FXDJPU;
				GENERATE_INFOPLIST_FILE = YES;
				INFOPLIST_FILE = MovieApp/Info.plist;
				INFOPLIST_KEY_UIApplicationSupportsIndirectInputEvents = YES;
				INFOPLIST_KEY_UILaunchStoryboardName = LaunchScreen;
				INFOPLIST_KEY_UIMainStoryboardFile = Main;
				INFOPLIST_KEY_UISupportedInterfaceOrientations_iPad = "UIInterfaceOrientationPortrait UIInterfaceOrientationPortraitUpsideDown UIInterfaceOrientationLandscapeLeft UIInterfaceOrientationLandscapeRight";
				INFOPLIST_KEY_UISupportedInterfaceOrientations_iPhone = "UIInterfaceOrientationPortrait UIInterfaceOrientationLandscapeLeft UIInterfaceOrientationLandscapeRight";
				LD_RUNPATH_SEARCH_PATHS = (
					"$(inherited)",
					"@executable_path/Frameworks",
				);
				MARKETING_VERSION = 1.0;
				PRODUCT_BUNDLE_IDENTIFIER = com.shifu.MovieApp;
				PRODUCT_NAME = "$(TARGET_NAME)";
				SWIFT_EMIT_LOC_STRINGS = YES;
				SWIFT_VERSION = 5.0;
				TARGETED_DEVICE_FAMILY = "1,2";
			};
			name = Debug;
		};
		60C3B0FE29C614BA00365BD4 /* Release */ = {
			isa = XCBuildConfiguration;
			baseConfigurationReference = D0B8D8A5EEF99F3913EC37D6 /* Pods-MovieApp.release.xcconfig */;
			buildSettings = {
				ASSETCATALOG_COMPILER_APPICON_NAME = AppIcon;
				ASSETCATALOG_COMPILER_GLOBAL_ACCENT_COLOR_NAME = AccentColor;
				CODE_SIGN_STYLE = Automatic;
				CURRENT_PROJECT_VERSION = 1;
				DEVELOPMENT_TEAM = K8M5FXDJPU;
				GENERATE_INFOPLIST_FILE = YES;
				INFOPLIST_FILE = MovieApp/Info.plist;
				INFOPLIST_KEY_UIApplicationSupportsIndirectInputEvents = YES;
				INFOPLIST_KEY_UILaunchStoryboardName = LaunchScreen;
				INFOPLIST_KEY_UIMainStoryboardFile = Main;
				INFOPLIST_KEY_UISupportedInterfaceOrientations_iPad = "UIInterfaceOrientationPortrait UIInterfaceOrientationPortraitUpsideDown UIInterfaceOrientationLandscapeLeft UIInterfaceOrientationLandscapeRight";
				INFOPLIST_KEY_UISupportedInterfaceOrientations_iPhone = "UIInterfaceOrientationPortrait UIInterfaceOrientationLandscapeLeft UIInterfaceOrientationLandscapeRight";
				LD_RUNPATH_SEARCH_PATHS = (
					"$(inherited)",
					"@executable_path/Frameworks",
				);
				MARKETING_VERSION = 1.0;
				PRODUCT_BUNDLE_IDENTIFIER = com.shifu.MovieApp;
				PRODUCT_NAME = "$(TARGET_NAME)";
				SWIFT_EMIT_LOC_STRINGS = YES;
				SWIFT_VERSION = 5.0;
				TARGETED_DEVICE_FAMILY = "1,2";
			};
			name = Release;
		};
/* End XCBuildConfiguration section */

/* Begin XCConfigurationList section */
		60C3B0E329C614B900365BD4 /* Build configuration list for PBXProject "MovieApp" */ = {
			isa = XCConfigurationList;
			buildConfigurations = (
				60C3B0FA29C614BA00365BD4 /* Debug */,
				60C3B0FB29C614BA00365BD4 /* Release */,
			);
			defaultConfigurationIsVisible = 0;
			defaultConfigurationName = Release;
		};
		60C3B0FC29C614BA00365BD4 /* Build configuration list for PBXNativeTarget "MovieApp" */ = {
			isa = XCConfigurationList;
			buildConfigurations = (
				60C3B0FD29C614BA00365BD4 /* Debug */,
				60C3B0FE29C614BA00365BD4 /* Release */,
			);
			defaultConfigurationIsVisible = 0;
			defaultConfigurationName = Release;
		};
/* End XCConfigurationList section */
	};
	rootObject = 60C3B0E029C614B900365BD4 /* Project object */;
}
